
Microsoft Visual Studio Solution File, Format Version 12.00
# Visual Studio Version 17
VisualStudioVersion = 17.7.34018.315
MinimumVisualStudioVersion = 10.0.40219.1
Project("{FAE04EC0-301F-11D3-BF4B-00C04F79EFBC}") = "Module02_Activity01.Android", "Module02_Activity01\Module02_Activity01.Android\Module02_Activity01.Android.csproj", "{2B47DE01-5CBE-4CB6-A26B-F5F5AFBF3654}"
EndProject
Project("{FAE04EC0-301F-11D3-BF4B-00C04F79EFBC}") = "Module02_Activity01", "Module02_Activity01\Module02_Activity01\Module02_Activity01.csproj", "{E58124D2-803D-41AE-A299-495435BE6495}"
EndProject
Global
	GlobalSection(SolutionConfigurationPlatforms) = preSolution
		Debug|Any CPU = Debug|Any CPU
		Release|Any CPU = Release|Any CPU
	EndGlobalSection
	GlobalSection(ProjectConfigurationPlatforms) = postSolution
		{2B47DE01-5CBE-4CB6-A26B-F5F5AFBF3654}.Debug|Any CPU.ActiveCfg = Debug|Any CPU
		{2B47DE01-5CBE-4CB6-A26B-F5F5AFBF3654}.Debug|Any CPU.Build.0 = Debug|Any CPU
		{2B47DE01-5CBE-4CB6-A26B-F5F5AFBF3654}.Debug|Any CPU.Deploy.0 = Debug|Any CPU
		{2B47DE01-5CBE-4CB6-A26B-F5F5AFBF3654}.Release|Any CPU.ActiveCfg = Release|Any CPU
		{2B47DE01-5CBE-4CB6-A26B-F5F5AFBF3654}.Release|Any CPU.Build.0 = Release|Any CPU
		{2B47DE01-5CBE-4CB6-A26B-F5F5AFBF3654}.Release|Any CPU.Deploy.0 = Release|Any CPU
		{E58124D2-803D-41AE-A299-495435BE6495}.Debug|Any CPU.ActiveCfg = Debug|Any CPU
		{E58124D2-803D-41AE-A299-495435BE6495}.Debug|Any CPU.Build.0 = Debug|Any CPU
		{E58124D2-803D-41AE-A299-495435BE6495}.Debug|Any CPU.Deploy.0 = Debug|Any CPU
		{E58124D2-803D-41AE-A299-495435BE6495}.Release|Any CPU.ActiveCfg = Release|Any CPU
		{E58124D2-803D-41AE-A299-495435BE6495}.Release|Any CPU.Build.0 = Release|Any CPU
		{E58124D2-803D-41AE-A299-495435BE6495}.Release|Any CPU.Deploy.0 = Release|Any CPU
	EndGlobalSection
	GlobalSection(SolutionProperties) = preSolution
		HideSolutionNode = FALSE
	EndGlobalSection
	GlobalSection(ExtensibilityGlobals) = postSolution
		SolutionGuid = {5F77D5E2-056D-4E9B-AE6D-DEE3D88D2DF7}
	EndGlobalSection
EndGlobal
